
Microsoft Visual Studio Solution File, Format Version 12.00
# Visual Studio Version 17
VisualStudioVersion = 17.9.34728.123
MinimumVisualStudioVersion = 10.0.40219.1
Project("{FAE04EC0-301F-11D3-BF4B-00C04F79EFBC}") = "UsefulHints", "UsefulHints\UsefulHints.csproj", "{BDF570D6-EE7F-4498-B906-B7C4F49B63C8}"
EndProject
Global
	GlobalSection(SolutionConfigurationPlatforms) = preSolution
		Debug|Any CPU = Debug|Any CPU
		Release|Any CPU = Release|Any CPU
	EndGlobalSection
	GlobalSection(ProjectConfigurationPlatforms) = postSolution
		{BDF570D6-EE7F-4498-B906-B7C4F49B63C8}.Debug|Any CPU.ActiveCfg = Debug|Any CPU
		{BDF570D6-EE7F-4498-B906-B7C4F49B63C8}.Debug|Any CPU.Build.0 = Debug|Any CPU
		{BDF570D6-EE7F-4498-B906-B7C4F49B63C8}.Release|Any CPU.ActiveCfg = Release|Any CPU
		{BDF570D6-EE7F-4498-B906-B7C4F49B63C8}.Release|Any CPU.Build.0 = Release|Any CPU
	EndGlobalSection
	GlobalSection(SolutionProperties) = preSolution
		HideSolutionNode = FALSE
	EndGlobalSection
	GlobalSection(ExtensibilityGlobals) = postSolution
		SolutionGuid = {446DF312-3771-4759-99CE-EAB2D1733A01}
	EndGlobalSection
EndGlobal
